
Microsoft Visual Studio Solution File, Format Version 12.00
# Visual Studio Version 17
VisualStudioVersion = 17.9.34701.34
MinimumVisualStudioVersion = 10.0.40219.1
Project("{9A19103F-16F7-4668-BE54-9A1E7A4F7556}") = "Rede neuronal", "Rede neuronal\Rede neuronal.csproj", "{329E29FC-01BD-4CDD-B88F-4504A6732399}"
EndProject
Project("{FAE04EC0-301F-11D3-BF4B-00C04F79EFBC}") = "testes", "testes\testes.csproj", "{14F07A86-0847-43A7-B997-678467C1410D}"
EndProject
Global
	GlobalSection(SolutionConfigurationPlatforms) = preSolution
		Debug|Any CPU = Debug|Any CPU
		Release|Any CPU = Release|Any CPU
	EndGlobalSection
	GlobalSection(ProjectConfigurationPlatforms) = postSolution
		{329E29FC-01BD-4CDD-B88F-4504A6732399}.Debug|Any CPU.ActiveCfg = Debug|Any CPU
		{329E29FC-01BD-4CDD-B88F-4504A6732399}.Debug|Any CPU.Build.0 = Debug|Any CPU
		{329E29FC-01BD-4CDD-B88F-4504A6732399}.Release|Any CPU.ActiveCfg = Release|Any CPU
		{329E29FC-01BD-4CDD-B88F-4504A6732399}.Release|Any CPU.Build.0 = Release|Any CPU
		{14F07A86-0847-43A7-B997-678467C1410D}.Debug|Any CPU.ActiveCfg = Debug|Any CPU
		{14F07A86-0847-43A7-B997-678467C1410D}.Debug|Any CPU.Build.0 = Debug|Any CPU
		{14F07A86-0847-43A7-B997-678467C1410D}.Release|Any CPU.ActiveCfg = Release|Any CPU
		{14F07A86-0847-43A7-B997-678467C1410D}.Release|Any CPU.Build.0 = Release|Any CPU
	EndGlobalSection
	GlobalSection(SolutionProperties) = preSolution
		HideSolutionNode = FALSE
	EndGlobalSection
	GlobalSection(ExtensibilityGlobals) = postSolution
		SolutionGuid = {D6CAC65F-20A2-499D-9A2C-64B73B89BED1}
	EndGlobalSection
EndGlobal
